
Microsoft Visual Studio Solution File, Format Version 12.00
# Visual Studio Version 17
VisualStudioVersion = 17.1.32228.430
MinimumVisualStudioVersion = 10.0.40219.1
Project("{FAE04EC0-301F-11D3-BF4B-00C04F79EFBC}") = "ConsoleApp11", "ConsoleApp11\ConsoleApp11.csproj", "{B5DA5B63-14A5-4010-8CD9-8B0D710881FF}"
EndProject
Global
	GlobalSection(SolutionConfigurationPlatforms) = preSolution
		Debug|Any CPU = Debug|Any CPU
		Release|Any CPU = Release|Any CPU
	EndGlobalSection
	GlobalSection(ProjectConfigurationPlatforms) = postSolution
		{B5DA5B63-14A5-4010-8CD9-8B0D710881FF}.Debug|Any CPU.ActiveCfg = Debug|Any CPU
		{B5DA5B63-14A5-4010-8CD9-8B0D710881FF}.Debug|Any CPU.Build.0 = Debug|Any CPU
		{B5DA5B63-14A5-4010-8CD9-8B0D710881FF}.Release|Any CPU.ActiveCfg = Release|Any CPU
		{B5DA5B63-14A5-4010-8CD9-8B0D710881FF}.Release|Any CPU.Build.0 = Release|Any CPU
	EndGlobalSection
	GlobalSection(SolutionProperties) = preSolution
		HideSolutionNode = FALSE
	EndGlobalSection
	GlobalSection(ExtensibilityGlobals) = postSolution
		SolutionGuid = {9CD77F82-7C3C-4E6C-BEC3-1274E1216344}
	EndGlobalSection
EndGlobal
